
Microsoft Visual Studio Solution File, Format Version 12.00
# Visual Studio 14
VisualStudioVersion = 14.0.23107.0
MinimumVisualStudioVersion = 10.0.40219.1
Project("{FAE04EC0-301F-11D3-BF4B-00C04F79EFBC}") = "FilterDemo", "FilterDemo\FilterDemo.csproj", "{1985EC29-C45C-4080-AB1C-4779B3F11DD1}"
EndProject
Project("{FAE04EC0-301F-11D3-BF4B-00C04F79EFBC}") = "FilterLib", "FilterLib\FilterLib.csproj", "{83EAA705-73AB-429B-81DA-A02BBD234E1C}"
EndProject
Global
	GlobalSection(SolutionConfigurationPlatforms) = preSolution
		Debug|Any CPU = Debug|Any CPU
		Release|Any CPU = Release|Any CPU
	EndGlobalSection
	GlobalSection(ProjectConfigurationPlatforms) = postSolution
		{1985EC29-C45C-4080-AB1C-4779B3F11DD1}.Debug|Any CPU.ActiveCfg = Debug|Any CPU
		{1985EC29-C45C-4080-AB1C-4779B3F11DD1}.Debug|Any CPU.Build.0 = Debug|Any CPU
		{1985EC29-C45C-4080-AB1C-4779B3F11DD1}.Release|Any CPU.ActiveCfg = Release|Any CPU
		{1985EC29-C45C-4080-AB1C-4779B3F11DD1}.Release|Any CPU.Build.0 = Release|Any CPU
		{83EAA705-73AB-429B-81DA-A02BBD234E1C}.Debug|Any CPU.ActiveCfg = Debug|Any CPU
		{83EAA705-73AB-429B-81DA-A02BBD234E1C}.Debug|Any CPU.Build.0 = Debug|Any CPU
		{83EAA705-73AB-429B-81DA-A02BBD234E1C}.Release|Any CPU.ActiveCfg = Release|Any CPU
		{83EAA705-73AB-429B-81DA-A02BBD234E1C}.Release|Any CPU.Build.0 = Release|Any CPU
	EndGlobalSection
	GlobalSection(SolutionProperties) = preSolution
		HideSolutionNode = FALSE
	EndGlobalSection
EndGlobal
